
Microsoft Visual Studio Solution File, Format Version 12.00
# Visual Studio Version 17
VisualStudioVersion = 17.0.31919.166
MinimumVisualStudioVersion = 10.0.40219.1
Project("{FAE04EC0-301F-11D3-BF4B-00C04F79EFBC}") = "RemoteStorage", "RemoteStorage\RemoteStorage.csproj", "{2837BDCD-2A14-4567-A403-FCFDB69A88BF}"
EndProject
Global
	GlobalSection(SolutionConfigurationPlatforms) = preSolution
		Debug|Any CPU = Debug|Any CPU
		Release|Any CPU = Release|Any CPU
	EndGlobalSection
	GlobalSection(ProjectConfigurationPlatforms) = postSolution
		{2837BDCD-2A14-4567-A403-FCFDB69A88BF}.Debug|Any CPU.ActiveCfg = Debug|Any CPU
		{2837BDCD-2A14-4567-A403-FCFDB69A88BF}.Debug|Any CPU.Build.0 = Debug|Any CPU
		{2837BDCD-2A14-4567-A403-FCFDB69A88BF}.Release|Any CPU.ActiveCfg = Release|Any CPU
		{2837BDCD-2A14-4567-A403-FCFDB69A88BF}.Release|Any CPU.Build.0 = Release|Any CPU
	EndGlobalSection
	GlobalSection(SolutionProperties) = preSolution
		HideSolutionNode = FALSE
	EndGlobalSection
	GlobalSection(ExtensibilityGlobals) = postSolution
		SolutionGuid = {8A0F3E49-1ABD-46D7-A08C-27A345B71F62}
	EndGlobalSection
EndGlobal
